
Microsoft Visual Studio Solution File, Format Version 12.00
# Visual Studio Version 16
VisualStudioVersion = 16.0.30907.101
MinimumVisualStudioVersion = 10.0.40219.1
Project("{FAE04EC0-301F-11D3-BF4B-00C04F79EFBC}") = "GitPlayground", "..\..\Jason\git\gc\git-playground\GitPlayground\GitPlayground\GitPlayground.csproj", "{B0209FFC-39BB-41B6-B60F-11F0727CBD0E}"
EndProject
Global
	GlobalSection(SolutionConfigurationPlatforms) = preSolution
		Debug|Any CPU = Debug|Any CPU
		Release|Any CPU = Release|Any CPU
	EndGlobalSection
	GlobalSection(ProjectConfigurationPlatforms) = postSolution
		{B0209FFC-39BB-41B6-B60F-11F0727CBD0E}.Debug|Any CPU.ActiveCfg = Debug|Any CPU
		{B0209FFC-39BB-41B6-B60F-11F0727CBD0E}.Debug|Any CPU.Build.0 = Debug|Any CPU
		{B0209FFC-39BB-41B6-B60F-11F0727CBD0E}.Release|Any CPU.ActiveCfg = Release|Any CPU
		{B0209FFC-39BB-41B6-B60F-11F0727CBD0E}.Release|Any CPU.Build.0 = Release|Any CPU
	EndGlobalSection
	GlobalSection(SolutionProperties) = preSolution
		HideSolutionNode = FALSE
	EndGlobalSection
	GlobalSection(ExtensibilityGlobals) = postSolution
		SolutionGuid = {87FCE474-31AF-4DD6-ADDB-0268F108DACE}
	EndGlobalSection
EndGlobal
